# THIS IS AN AUTOGENERATED FILE. DO NOT EDIT THIS FILE DIRECTLY.
# yarn lockfile v1


"@types/jquery@^3.5.32":
  version "3.5.32"
  resolved "https://registry.yarnpkg.com/@types/jquery/-/jquery-3.5.32.tgz#3eb0da20611b92c7c49ebed6163b52a4fdc57def"
  integrity sha512-b9Xbf4CkMqS02YH8zACqN1xzdxc3cO735Qe5AbSUFmyOiaWAbcpqh9Wna+Uk0vgACvoQHpWDg2rGdHkYPLmCiQ==
  dependencies:
    "@types/sizzle" "*"

"@types/node@^22.10.10":
  version "22.10.10"
  resolved "https://registry.yarnpkg.com/@types/node/-/node-22.10.10.tgz#85fe89f8bf459dc57dfef1689bd5b52ad1af07e6"
  integrity sha512-X47y/mPNzxviAGY5TcYPtYL8JsY3kAq2n8fMmKoRCxq/c4v4pyGNCzM2R6+M5/umG4ZfHuT+sgqDYqWc9rJ6ww==
  dependencies:
    undici-types "~6.20.0"

"@types/sizzle@*":
  version "2.3.9"
  resolved "https://registry.yarnpkg.com/@types/sizzle/-/sizzle-2.3.9.tgz#d4597dbd4618264c414d7429363e3f50acb66ea2"
  integrity sha512-xzLEyKB50yqCUPUJkIsrVvoWNfFUbIZI+RspLWt8u+tIW/BetMBZtgV2LY/2o+tYH8dRvQ+eoPf3NdhQCcLE2w==

layui-theme-dark@^2.9.21:
  version "2.9.21"
  resolved "https://registry.yarnpkg.com/layui-theme-dark/-/layui-theme-dark-2.9.21.tgz#174903693eb0dda71548726001b4692b6a0481c4"
  integrity sha512-8tgVMUPvUgDb3SbOrX721VQX/bL4Rl8fjH6BpOoP5n27KkX6vafcB2Yll/kYOTKWLk8GlHrr0fb3PTHg+K7m2Q==

layui@^2.9.21:
  version "2.9.21"
  resolved "https://registry.yarnpkg.com/layui/-/layui-2.9.21.tgz#2eab345f3b4bc23f302c20fddb94822043dbe8a8"
  integrity sha512-vE73lV8Y6/LjHECQGh/RtOdQuiYuaQvE1HxWtCtZK6b/RBDppaLZqkyHVt558PrJAJ/6x05liJplPKkQW5C/pw==

lunar-javascript@1.6.12:
  version "1.6.12"
  resolved "https://registry.yarnpkg.com/lunar-javascript/-/lunar-javascript-1.6.12.tgz#8394d2afddcb1de4ace45e2033757f0d5a1ce5d0"
  integrity sha512-8BIYt50up4B2ihh0O1MCUh7+y6hDiDRIPp0ubP8KKaA7cIgAi4jD3QvM9OdZj0QNhSvopZPKipLt2Eb9+cLhxw==

outeres@0.1.3:
  version "0.1.3"
  resolved "https://registry.yarnpkg.com/outeres/-/outeres-0.1.3.tgz#e202f40a1892df4b7ee445903120412470d16d9a"
  integrity sha512-HeTsVdEJrFYVhOvnntAMdBrfFQl3J55q7d2xpXl6uMBAISIYi0zRiHtMc9fwn2Idwiesp0/U6X+dL10QYwDoEw==

typescript@^5.7.3:
  version "5.7.3"
  resolved "https://registry.yarnpkg.com/typescript/-/typescript-5.7.3.tgz#919b44a7dbb8583a9b856d162be24a54bf80073e"
  integrity sha512-84MVSjMEHP+FQRPy3pX9sTVV/INIex71s9TL2Gm5FG/WG1SqXeKyZ0k7/blY/4FdOzI12CBy1vGc4og/eus0fw==

undici-types@~6.20.0:
  version "6.20.0"
  resolved "https://registry.yarnpkg.com/undici-types/-/undici-types-6.20.0.tgz#8171bf22c1f588d1554d55bf204bc624af388433"
  integrity sha512-Ny6QZ2Nju20vw1SRHe3d9jVu6gJ+4e3+MMpqu7pqE5HT6WsTSlce++GQmK5UXS8mzV8DSYHrQH+Xrf2jVcuKNg==
